
Microsoft Visual Studio Solution File, Format Version 12.00
# Visual Studio 15
VisualStudioVersion = 15.0.27703.2035
MinimumVisualStudioVersion = 10.0.40219.1
Project("{FAE04EC0-301F-11D3-BF4B-00C04F79EFBC}") = "SingletonPattern", "SingletonPattern\SingletonPattern.csproj", "{057232E2-75F5-4B23-B4EF-06FBA34F6392}"
EndProject
Project("{FAE04EC0-301F-11D3-BF4B-00C04F79EFBC}") = "UnitTestProject1", "UnitTestProject1\UnitTestProject1.csproj", "{A6BCACA8-3054-4136-9125-D6BAF0602A1C}"
EndProject
Global
	GlobalSection(SolutionConfigurationPlatforms) = preSolution
		Debug|Any CPU = Debug|Any CPU
		Release|Any CPU = Release|Any CPU
	EndGlobalSection
	GlobalSection(ProjectConfigurationPlatforms) = postSolution
		{057232E2-75F5-4B23-B4EF-06FBA34F6392}.Debug|Any CPU.ActiveCfg = Debug|Any CPU
		{057232E2-75F5-4B23-B4EF-06FBA34F6392}.Debug|Any CPU.Build.0 = Debug|Any CPU
		{057232E2-75F5-4B23-B4EF-06FBA34F6392}.Release|Any CPU.ActiveCfg = Release|Any CPU
		{057232E2-75F5-4B23-B4EF-06FBA34F6392}.Release|Any CPU.Build.0 = Release|Any CPU
		{A6BCACA8-3054-4136-9125-D6BAF0602A1C}.Debug|Any CPU.ActiveCfg = Debug|Any CPU
		{A6BCACA8-3054-4136-9125-D6BAF0602A1C}.Debug|Any CPU.Build.0 = Debug|Any CPU
		{A6BCACA8-3054-4136-9125-D6BAF0602A1C}.Release|Any CPU.ActiveCfg = Release|Any CPU
		{A6BCACA8-3054-4136-9125-D6BAF0602A1C}.Release|Any CPU.Build.0 = Release|Any CPU
	EndGlobalSection
	GlobalSection(SolutionProperties) = preSolution
		HideSolutionNode = FALSE
	EndGlobalSection
	GlobalSection(ExtensibilityGlobals) = postSolution
		SolutionGuid = {67E9A923-B69A-4076-9786-BF9245733340}
	EndGlobalSection
EndGlobal
